
Microsoft Visual Studio Solution File, Format Version 12.00
# Visual Studio 14
VisualStudioVersion = 14.0.25420.1
MinimumVisualStudioVersion = 10.0.40219.1
Project("{00D1A9C2-B5F0-4AF3-8072-F6C62B433612}") = "FracViz.Database", "FracViz.Database\FracViz.Database.sqlproj", "{AFF3E7C5-6158-4901-B5BA-614D0F9CB88A}"
EndProject
Project("{FAE04EC0-301F-11D3-BF4B-00C04F79EFBC}") = "FracViz.WebApi", "FracViz.WebApi\FracViz.WebApi.csproj", "{8F3085B7-E829-407B-ABA9-A128D1C31032}"
EndProject
Project("{FAE04EC0-301F-11D3-BF4B-00C04F79EFBC}") = "FracViz.WebApi.Tests", "FracViz.WebApi.Tests\FracViz.WebApi.Tests.csproj", "{D02D6E74-1A27-46D7-B086-9078AF0BD182}"
EndProject
Global
	GlobalSection(SolutionConfigurationPlatforms) = preSolution
		Debug|Any CPU = Debug|Any CPU
		Release|Any CPU = Release|Any CPU
	EndGlobalSection
	GlobalSection(ProjectConfigurationPlatforms) = postSolution
		{AFF3E7C5-6158-4901-B5BA-614D0F9CB88A}.Debug|Any CPU.ActiveCfg = Debug|Any CPU
		{AFF3E7C5-6158-4901-B5BA-614D0F9CB88A}.Debug|Any CPU.Build.0 = Debug|Any CPU
		{AFF3E7C5-6158-4901-B5BA-614D0F9CB88A}.Debug|Any CPU.Deploy.0 = Debug|Any CPU
		{AFF3E7C5-6158-4901-B5BA-614D0F9CB88A}.Release|Any CPU.ActiveCfg = Release|Any CPU
		{AFF3E7C5-6158-4901-B5BA-614D0F9CB88A}.Release|Any CPU.Build.0 = Release|Any CPU
		{AFF3E7C5-6158-4901-B5BA-614D0F9CB88A}.Release|Any CPU.Deploy.0 = Release|Any CPU
		{8F3085B7-E829-407B-ABA9-A128D1C31032}.Debug|Any CPU.ActiveCfg = Debug|Any CPU
		{8F3085B7-E829-407B-ABA9-A128D1C31032}.Debug|Any CPU.Build.0 = Debug|Any CPU
		{8F3085B7-E829-407B-ABA9-A128D1C31032}.Release|Any CPU.ActiveCfg = Release|Any CPU
		{8F3085B7-E829-407B-ABA9-A128D1C31032}.Release|Any CPU.Build.0 = Release|Any CPU
		{D02D6E74-1A27-46D7-B086-9078AF0BD182}.Debug|Any CPU.ActiveCfg = Debug|Any CPU
		{D02D6E74-1A27-46D7-B086-9078AF0BD182}.Debug|Any CPU.Build.0 = Debug|Any CPU
		{D02D6E74-1A27-46D7-B086-9078AF0BD182}.Release|Any CPU.ActiveCfg = Release|Any CPU
		{D02D6E74-1A27-46D7-B086-9078AF0BD182}.Release|Any CPU.Build.0 = Release|Any CPU
	EndGlobalSection
	GlobalSection(SolutionProperties) = preSolution
		HideSolutionNode = FALSE
	EndGlobalSection
EndGlobal
